
Microsoft Visual Studio Solution File, Format Version 12.00
# Visual Studio Version 17
VisualStudioVersion = 17.9.34714.143
MinimumVisualStudioVersion = 10.0.40219.1
Project("{FAE04EC0-301F-11D3-BF4B-00C04F79EFBC}") = "Lab4", "Lab4.csproj", "{EB6C35D6-DD0C-4734-BC3A-FDD6C2E83C9E}"
EndProject
Global
	GlobalSection(SolutionConfigurationPlatforms) = preSolution
		Debug|Any CPU = Debug|Any CPU
		Release|Any CPU = Release|Any CPU
	EndGlobalSection
	GlobalSection(ProjectConfigurationPlatforms) = postSolution
		{EB6C35D6-DD0C-4734-BC3A-FDD6C2E83C9E}.Debug|Any CPU.ActiveCfg = Debug|Any CPU
		{EB6C35D6-DD0C-4734-BC3A-FDD6C2E83C9E}.Debug|Any CPU.Build.0 = Debug|Any CPU
		{EB6C35D6-DD0C-4734-BC3A-FDD6C2E83C9E}.Release|Any CPU.ActiveCfg = Release|Any CPU
		{EB6C35D6-DD0C-4734-BC3A-FDD6C2E83C9E}.Release|Any CPU.Build.0 = Release|Any CPU
	EndGlobalSection
	GlobalSection(SolutionProperties) = preSolution
		HideSolutionNode = FALSE
	EndGlobalSection
	GlobalSection(ExtensibilityGlobals) = postSolution
		SolutionGuid = {CFB9DC3B-3F7E-4965-BCC8-3E7C61BB6578}
	EndGlobalSection
EndGlobal
